
Microsoft Visual Studio Solution File, Format Version 12.00
# Visual Studio Version 17
VisualStudioVersion = 17.13.35617.110
MinimumVisualStudioVersion = 10.0.40219.1
Project("{FAE04EC0-301F-11D3-BF4B-00C04F79EFBC}") = "cohort 5 c# task", "cohort 5 c# task\cohort 5 c# task.csproj", "{DBEAA358-0F03-487F-9288-3EBE8444E015}"
EndProject
Project("{FAE04EC0-301F-11D3-BF4B-00C04F79EFBC}") = "lecture 19-1", "lecture 19-1\lecture 19-1.csproj", "{C6435CB8-7384-4B7A-A7B0-FA8B8469CE8F}"
EndProject
Project("{FAE04EC0-301F-11D3-BF4B-00C04F79EFBC}") = "20-1", "20-1\20-1.csproj", "{4E0E06C2-973E-41B2-90F2-1F5C2E19AC70}"
EndProject
Project("{FAE04EC0-301F-11D3-BF4B-00C04F79EFBC}") = "21-1", "21-1\21-1.csproj", "{E48F8F6A-F437-4D99-AC82-03DC5E90C28F}"
EndProject
Project("{FAE04EC0-301F-11D3-BF4B-00C04F79EFBC}") = "22-1 inheretanse,acsses modifire", "22-1 inheretanse,acsses modifire\22-1 inheretanse,acsses modifire.csproj", "{68720945-D3E3-41ED-AC55-247E86E35246}"
EndProject
Global
	GlobalSection(SolutionConfigurationPlatforms) = preSolution
		Debug|Any CPU = Debug|Any CPU
		Release|Any CPU = Release|Any CPU
	EndGlobalSection
	GlobalSection(ProjectConfigurationPlatforms) = postSolution
		{DBEAA358-0F03-487F-9288-3EBE8444E015}.Debug|Any CPU.ActiveCfg = Debug|Any CPU
		{DBEAA358-0F03-487F-9288-3EBE8444E015}.Debug|Any CPU.Build.0 = Debug|Any CPU
		{DBEAA358-0F03-487F-9288-3EBE8444E015}.Release|Any CPU.ActiveCfg = Release|Any CPU
		{DBEAA358-0F03-487F-9288-3EBE8444E015}.Release|Any CPU.Build.0 = Release|Any CPU
		{C6435CB8-7384-4B7A-A7B0-FA8B8469CE8F}.Debug|Any CPU.ActiveCfg = Debug|Any CPU
		{C6435CB8-7384-4B7A-A7B0-FA8B8469CE8F}.Debug|Any CPU.Build.0 = Debug|Any CPU
		{C6435CB8-7384-4B7A-A7B0-FA8B8469CE8F}.Release|Any CPU.ActiveCfg = Release|Any CPU
		{C6435CB8-7384-4B7A-A7B0-FA8B8469CE8F}.Release|Any CPU.Build.0 = Release|Any CPU
		{4E0E06C2-973E-41B2-90F2-1F5C2E19AC70}.Debug|Any CPU.ActiveCfg = Debug|Any CPU
		{4E0E06C2-973E-41B2-90F2-1F5C2E19AC70}.Debug|Any CPU.Build.0 = Debug|Any CPU
		{4E0E06C2-973E-41B2-90F2-1F5C2E19AC70}.Release|Any CPU.ActiveCfg = Release|Any CPU
		{4E0E06C2-973E-41B2-90F2-1F5C2E19AC70}.Release|Any CPU.Build.0 = Release|Any CPU
		{E48F8F6A-F437-4D99-AC82-03DC5E90C28F}.Debug|Any CPU.ActiveCfg = Debug|Any CPU
		{E48F8F6A-F437-4D99-AC82-03DC5E90C28F}.Debug|Any CPU.Build.0 = Debug|Any CPU
		{E48F8F6A-F437-4D99-AC82-03DC5E90C28F}.Release|Any CPU.ActiveCfg = Release|Any CPU
		{E48F8F6A-F437-4D99-AC82-03DC5E90C28F}.Release|Any CPU.Build.0 = Release|Any CPU
		{68720945-D3E3-41ED-AC55-247E86E35246}.Debug|Any CPU.ActiveCfg = Debug|Any CPU
		{68720945-D3E3-41ED-AC55-247E86E35246}.Debug|Any CPU.Build.0 = Debug|Any CPU
		{68720945-D3E3-41ED-AC55-247E86E35246}.Release|Any CPU.ActiveCfg = Release|Any CPU
		{68720945-D3E3-41ED-AC55-247E86E35246}.Release|Any CPU.Build.0 = Release|Any CPU
	EndGlobalSection
	GlobalSection(SolutionProperties) = preSolution
		HideSolutionNode = FALSE
	EndGlobalSection
	GlobalSection(ExtensibilityGlobals) = postSolution
		SolutionGuid = {8D278C1D-BF5D-46E4-81BA-96C11AF88BC6}
	EndGlobalSection
EndGlobal
